<?xml version="1.0" encoding="utf-8"?>
<Project ToolsVersion="4.0" xmlns="http://schemas.microsoft.com/developer/msbuild/2003">
  <ItemGroup>
    <Filter Include="Source Files">
      <UniqueIdentifier>{4FC737F1-C7A5-4376-A066-2A32D752A2FF}</UniqueIdentifier>
      <Extensions>cpp;c;cc;cxx;def;odl;idl;hpj;bat;asm;asmx</Extensions>
    </Filter>
    <Filter Include="Header Files">
      <UniqueIdentifier>{93995380-89BD-4b04-88EB-625FBE52EBFB}</UniqueIdentifier>
      <Extensions>h;hpp;hxx;hm;inl;inc;xsd</Extensions>
    </Filter>
    <Filter Include="Resource Files">
      <UniqueIdentifier>{67DA6AB6-F800-4c08-8B7A-83BB121AAD01}</UniqueIdentifier>
      <Extensions>rc;ico;cur;bmp;dlg;rc2;rct;bin;rgs;gif;jpg;jpeg;jpe;resx;tiff;tif;png;wav;mfcribbon-ms</Extensions>
    </Filter>
    <Filter Include="Header Files\include">
      <UniqueIdentifier>{9770da4e-47ff-4427-83a3-f9b872e56637}</UniqueIdentifier>
    </Filter>
    <Filter Include="Header Files\windows">
      <UniqueIdentifier>{1b00c84d-d7f4-49f4-9ae5-3ed61ab97912}</UniqueIdentifier>
    </Filter>
    <Filter Include="Source Files\windows">
      <UniqueIdentifier>{f8845b07-b1d0-495d-b119-f344b61f7e7b}</UniqueIdentifier>
    </Filter>
  </ItemGroup>
  <ItemGroup>
    <ClInclude Include="include\amio-windows.h">
      <Filter>Header Files\include</Filter>
    </ClInclude>
    <ClInclude Include="shared\amio-errors.h">
      <Filter>Header Files\include</Filter>
    </ClInclude>
    <ClInclude Include="shared\amio-string.h">
      <Filter>Header Files\include</Filter>
    </ClInclude>
    <ClInclude Include="include\amio-types.h">
      <Filter>Header Files\include</Filter>
    </ClInclude>
    <ClInclude Include="include\amio.h">
      <Filter>Header Files\include</Filter>
    </ClInclude>
    <ClInclude Include="windows\amio-windows-transport.h">
      <Filter>Header Files\windows</Filter>
    </ClInclude>
    <ClInclude Include="windows\amio-windows-context.h">
      <Filter>Header Files\windows</Filter>
    </ClInclude>
    <ClInclude Include="windows\amio-windows-errors.h">
      <Filter>Header Files\windows</Filter>
    </ClInclude>
    <ClInclude Include="windows\amio-windows-iocp.h">
      <Filter>Header Files\windows</Filter>
    </ClInclude>
    <ClInclude Include="windows\amio-windows-base-poller.h">
      <Filter>Header Files\windows</Filter>
    </ClInclude>
    <ClInclude Include="windows\amio-windows-util.h">
      <Filter>Header Files\windows</Filter>
    </ClInclude>
    <ClInclude Include="windows\amio-windows-socket.h">
      <Filter>Header Files\windows</Filter>
    </ClInclude>
    <ClInclude Include="windows\amio-windows-file.h">
      <Filter>Header Files\windows</Filter>
    </ClInclude>
    <ClInclude Include="windows\amio-windows-select.h">
      <Filter>Header Files\windows</Filter>
    </ClInclude>
  </ItemGroup>
  <ItemGroup>
    <ClCompile Include="shared\amio-errors.cc">
      <Filter>Source Files</Filter>
    </ClCompile>
    <ClCompile Include="shared\amio-string.cc">
      <Filter>Source Files</Filter>
    </ClCompile>
    <ClCompile Include="winmain.cpp">
      <Filter>Source Files</Filter>
    </ClCompile>
    <ClCompile Include="windows\amio-windows-util.cc">
      <Filter>Source Files\windows</Filter>
    </ClCompile>
    <ClCompile Include="windows\amio-windows-transport.cc">
      <Filter>Source Files\windows</Filter>
    </ClCompile>
    <ClCompile Include="windows\amio-windows-context.cc">
      <Filter>Source Files\windows</Filter>
    </ClCompile>
    <ClCompile Include="windows\amio-windows-errors.cc">
      <Filter>Source Files\windows</Filter>
    </ClCompile>
    <ClCompile Include="windows\amio-windows-iocp.cc">
      <Filter>Source Files\windows</Filter>
    </ClCompile>
    <ClCompile Include="windows\amio-windows-file.cc">
      <Filter>Source Files\windows</Filter>
    </ClCompile>
    <ClCompile Include="windows\amio-windows-socket.cc">
      <Filter>Source Files\windows</Filter>
    </ClCompile>
    <ClCompile Include="windows\amio-windows-select.cc">
      <Filter>Source Files\windows</Filter>
    </ClCompile>
  </ItemGroup>
</Project>